
Microsoft Visual Studio Solution File, Format Version 12.00
# Visual Studio 14
VisualStudioVersion = 14.0.23107.0
MinimumVisualStudioVersion = 10.0.40219.1
Project("{FAE04EC0-301F-11D3-BF4B-00C04F79EFBC}") = "JTableWithSignalR", "JTableWithSignalR\JTableWithSignalR.csproj", "{0C8FF9AB-4ACE-48EB-B67B-0FE27D5B079B}"
EndProject
Project("{FAE04EC0-301F-11D3-BF4B-00C04F79EFBC}") = "jTableSampleDatabaseLayer", "jTableSampleDatabaseLayer\jTableSampleDatabaseLayer.csproj", "{F6A7E037-8F70-434D-9E64-0B57F2B68087}"
EndProject
Global
	GlobalSection(SolutionConfigurationPlatforms) = preSolution
		Debug|Any CPU = Debug|Any CPU
		Release|Any CPU = Release|Any CPU
	EndGlobalSection
	GlobalSection(ProjectConfigurationPlatforms) = postSolution
		{0C8FF9AB-4ACE-48EB-B67B-0FE27D5B079B}.Debug|Any CPU.ActiveCfg = Debug|Any CPU
		{0C8FF9AB-4ACE-48EB-B67B-0FE27D5B079B}.Debug|Any CPU.Build.0 = Debug|Any CPU
		{0C8FF9AB-4ACE-48EB-B67B-0FE27D5B079B}.Release|Any CPU.ActiveCfg = Release|Any CPU
		{0C8FF9AB-4ACE-48EB-B67B-0FE27D5B079B}.Release|Any CPU.Build.0 = Release|Any CPU
		{F6A7E037-8F70-434D-9E64-0B57F2B68087}.Debug|Any CPU.ActiveCfg = Debug|Any CPU
		{F6A7E037-8F70-434D-9E64-0B57F2B68087}.Debug|Any CPU.Build.0 = Debug|Any CPU
		{F6A7E037-8F70-434D-9E64-0B57F2B68087}.Release|Any CPU.ActiveCfg = Release|Any CPU
		{F6A7E037-8F70-434D-9E64-0B57F2B68087}.Release|Any CPU.Build.0 = Release|Any CPU
	EndGlobalSection
	GlobalSection(SolutionProperties) = preSolution
		HideSolutionNode = FALSE
	EndGlobalSection
EndGlobal
